
Microsoft Visual Studio Solution File, Format Version 12.00
# Visual Studio Version 17
VisualStudioVersion = 17.3.32819.101
MinimumVisualStudioVersion = 10.0.40219.1
Project("{FAE04EC0-301F-11D3-BF4B-00C04F79EFBC}") = "task1-PalindromeCheck", "task1-PalindromeCheck\task1-PalindromeCheck.csproj", "{06947BB0-DC5B-474D-B1DD-A7B337C5E93A}"
EndProject
Global
	GlobalSection(SolutionConfigurationPlatforms) = preSolution
		Debug|Any CPU = Debug|Any CPU
		Release|Any CPU = Release|Any CPU
	EndGlobalSection
	GlobalSection(ProjectConfigurationPlatforms) = postSolution
		{06947BB0-DC5B-474D-B1DD-A7B337C5E93A}.Debug|Any CPU.ActiveCfg = Debug|Any CPU
		{06947BB0-DC5B-474D-B1DD-A7B337C5E93A}.Debug|Any CPU.Build.0 = Debug|Any CPU
		{06947BB0-DC5B-474D-B1DD-A7B337C5E93A}.Release|Any CPU.ActiveCfg = Release|Any CPU
		{06947BB0-DC5B-474D-B1DD-A7B337C5E93A}.Release|Any CPU.Build.0 = Release|Any CPU
	EndGlobalSection
	GlobalSection(SolutionProperties) = preSolution
		HideSolutionNode = FALSE
	EndGlobalSection
	GlobalSection(ExtensibilityGlobals) = postSolution
		SolutionGuid = {FA9BF809-F798-4114-B18F-71C416130284}
	EndGlobalSection
EndGlobal
